# THIS IS AN AUTOGENERATED FILE. DO NOT EDIT THIS FILE DIRECTLY.
# yarn lockfile v1


jsts@^2.10.0:
  version "2.10.0"
  resolved "https://registry.yarnpkg.com/jsts/-/jsts-2.10.0.tgz#583420f80527b33d177fc38b9a1300544e675509"
  integrity sha512-6Mj6c1b4zuGBweQ5No4gXPIMUDlBjQ2TBzkK5tK9UAD6bMF933WEdz0ws8mXBeTEDBPJWVHfy5F+RUPTAh4/BA==
